
Microsoft Visual Studio Solution File, Format Version 12.00
# Visual Studio 2015
Project("{FAE04EC0-301F-11D3-BF4B-00C04F79EFBC}") = "AlphaRacer.Plugins", "AlphaRacer.Plugins.csproj", "{A111C23B-2F49-AA04-A482-D892DF7EB713}"
EndProject
Project("{FAE04EC0-301F-11D3-BF4B-00C04F79EFBC}") = "AlphaRacer", "AlphaRacer.csproj", "{C1E0E5C4-1B4F-3C7E-8D27-B400A67A44F8}"
EndProject
Project("{FAE04EC0-301F-11D3-BF4B-00C04F79EFBC}") = "AlphaRacer.Editor", "AlphaRacer.Editor.csproj", "{8F1476A7-4665-8ACF-A981-34E7451358C6}"
EndProject
Global
	GlobalSection(SolutionConfigurationPlatforms) = preSolution
		Debug|Any CPU = Debug|Any CPU
		Release|Any CPU = Release|Any CPU
	EndGlobalSection
	GlobalSection(ProjectConfigurationPlatforms) = postSolution
		{A111C23B-2F49-AA04-A482-D892DF7EB713}.Debug|Any CPU.ActiveCfg = Debug|Any CPU
		{A111C23B-2F49-AA04-A482-D892DF7EB713}.Debug|Any CPU.Build.0 = Debug|Any CPU
		{A111C23B-2F49-AA04-A482-D892DF7EB713}.Release|Any CPU.ActiveCfg = Release|Any CPU
		{A111C23B-2F49-AA04-A482-D892DF7EB713}.Release|Any CPU.Build.0 = Release|Any CPU
		{C1E0E5C4-1B4F-3C7E-8D27-B400A67A44F8}.Debug|Any CPU.ActiveCfg = Debug|Any CPU
		{C1E0E5C4-1B4F-3C7E-8D27-B400A67A44F8}.Debug|Any CPU.Build.0 = Debug|Any CPU
		{C1E0E5C4-1B4F-3C7E-8D27-B400A67A44F8}.Release|Any CPU.ActiveCfg = Release|Any CPU
		{C1E0E5C4-1B4F-3C7E-8D27-B400A67A44F8}.Release|Any CPU.Build.0 = Release|Any CPU
		{8F1476A7-4665-8ACF-A981-34E7451358C6}.Debug|Any CPU.ActiveCfg = Debug|Any CPU
		{8F1476A7-4665-8ACF-A981-34E7451358C6}.Debug|Any CPU.Build.0 = Debug|Any CPU
		{8F1476A7-4665-8ACF-A981-34E7451358C6}.Release|Any CPU.ActiveCfg = Release|Any CPU
		{8F1476A7-4665-8ACF-A981-34E7451358C6}.Release|Any CPU.Build.0 = Release|Any CPU
	EndGlobalSection
	GlobalSection(SolutionProperties) = preSolution
		HideSolutionNode = FALSE
	EndGlobalSection
EndGlobal
